
Microsoft Visual Studio Solution File, Format Version 12.00
# Visual Studio Version 16
VisualStudioVersion = 16.0.31424.327
MinimumVisualStudioVersion = 10.0.40219.1
Project("{FAE04EC0-301F-11D3-BF4B-00C04F79EFBC}") = "comida", "comida\comida.csproj", "{BAF437E1-D371-4CC7-85A5-E68E69048953}"
EndProject
Global
	GlobalSection(SolutionConfigurationPlatforms) = preSolution
		Debug|Any CPU = Debug|Any CPU
		Release|Any CPU = Release|Any CPU
	EndGlobalSection
	GlobalSection(ProjectConfigurationPlatforms) = postSolution
		{BAF437E1-D371-4CC7-85A5-E68E69048953}.Debug|Any CPU.ActiveCfg = Debug|Any CPU
		{BAF437E1-D371-4CC7-85A5-E68E69048953}.Debug|Any CPU.Build.0 = Debug|Any CPU
		{BAF437E1-D371-4CC7-85A5-E68E69048953}.Release|Any CPU.ActiveCfg = Release|Any CPU
		{BAF437E1-D371-4CC7-85A5-E68E69048953}.Release|Any CPU.Build.0 = Release|Any CPU
	EndGlobalSection
	GlobalSection(SolutionProperties) = preSolution
		HideSolutionNode = FALSE
	EndGlobalSection
	GlobalSection(ExtensibilityGlobals) = postSolution
		SolutionGuid = {B92094FC-993A-4321-93A1-3F8F5DD71BDB}
	EndGlobalSection
EndGlobal
